{
  "name": "teamp-f",
  "lockfileVersion": 3,
  "requires": true,
  "packages": {
    "": {
      "dependencies": {
        "react-kakao": "^0.0.1"
      }
    },
    "node_modules/react-kakao": {
      "version": "0.0.1",
      "resolved": "https://registry.npmjs.org/react-kakao/-/react-kakao-0.0.1.tgz",
      "integrity": "sha512-Vsbw7w7vg06LCB9qenH1ZDm5wdvF25zPVRnknpktNe/XWAzd3pPTR5RDz6f+vLNh6MXaQVOZw7mVlvaR371QDQ=="
    }
  }
}
